
Microsoft Visual Studio Solution File, Format Version 12.00
# Visual Studio Version 17
VisualStudioVersion = 17.8.34525.116
MinimumVisualStudioVersion = 10.0.40219.1
Project("{FAE04EC0-301F-11D3-BF4B-00C04F79EFBC}") = "AgendaExamHAB", "AgendaExamHAB.csproj", "{23893AC0-A486-4BD8-A1F3-2341AB4DC87B}"
EndProject
Global
	GlobalSection(SolutionConfigurationPlatforms) = preSolution
		Debug|Any CPU = Debug|Any CPU
		Release|Any CPU = Release|Any CPU
	EndGlobalSection
	GlobalSection(ProjectConfigurationPlatforms) = postSolution
		{23893AC0-A486-4BD8-A1F3-2341AB4DC87B}.Debug|Any CPU.ActiveCfg = Debug|Any CPU
		{23893AC0-A486-4BD8-A1F3-2341AB4DC87B}.Debug|Any CPU.Build.0 = Debug|Any CPU
		{23893AC0-A486-4BD8-A1F3-2341AB4DC87B}.Release|Any CPU.ActiveCfg = Release|Any CPU
		{23893AC0-A486-4BD8-A1F3-2341AB4DC87B}.Release|Any CPU.Build.0 = Release|Any CPU
	EndGlobalSection
	GlobalSection(SolutionProperties) = preSolution
		HideSolutionNode = FALSE
	EndGlobalSection
	GlobalSection(ExtensibilityGlobals) = postSolution
		SolutionGuid = {AE936F4C-35F5-4E77-9CDB-8F9D98B07D9E}
	EndGlobalSection
EndGlobal
